// !$*UTF8*$!
{
	archiveVersion = 1;
	classes = {
	};
	objectVersion = 46;
	objects = {

/* Begin PBXBuildFile section */
		43DAB9BE1DB46471007CCFE3 /* AppDelegate.swift in Sources */ = {isa = PBXBuildFile; fileRef = 43DAB9BD1DB46471007CCFE3 /* AppDelegate.swift */; };
		43DAB9C01DB46471007CCFE3 /* ViewController.swift in Sources */ = {isa = PBXBuildFile; fileRef = 43DAB9BF1DB46471007CCFE3 /* ViewController.swift */; };
		43DAB9C31DB46471007CCFE3 /* Main.storyboard in Resources */ = {isa = PBXBuildFile; fileRef = 43DAB9C11DB46471007CCFE3 /* Main.storyboard */; };
		43DAB9C51DB46471007CCFE3 /* Assets.xcassets in Resources */ = {isa = PBXBuildFile; fileRef = 43DAB9C41DB46471007CCFE3 /* Assets.xcassets */; };
		43DAB9C81DB46471007CCFE3 /* LaunchScreen.storyboard in Resources */ = {isa = PBXBuildFile; fileRef = 43DAB9C61DB46471007CCFE3 /* LaunchScreen.storyboard */; };
/* End PBXBuildFile section */

/* Begin PBXFileReference section */
		43DAB9BA1DB46471007CCFE3 /* StretchyHeaders.app */ = {isa = PBXFileReference; explicitFileType = wrapper.application; includeInIndex = 0; path = StretchyHeaders.app; sourceTree = BUILT_PRODUCTS_DIR; };
		43DAB9BD1DB46471007CCFE3 /* AppDelegate.swift */ = {isa = PBXFileReference; lastKnownFileType = sourcecode.swift; path = AppDelegate.swift; sourceTree = "<group>"; };
		43DAB9BF1DB46471007CCFE3 /* ViewController.swift */ = {isa = PBXFileReference; lastKnownFileType = sourcecode.swift; path = ViewController.swift; sourceTree = "<group>"; };
		43DAB9C21DB46471007CCFE3 /* Base */ = {isa = PBXFileReference; lastKnownFileType = file.storyboard; name = Base; path = Base.lproj/Main.storyboard; sourceTree = "<group>"; };
		43DAB9C41DB46471007CCFE3 /* Assets.xcassets */ = {isa = PBXFileReference; lastKnownFileType = folder.assetcatalog; path = Assets.xcassets; sourceTree = "<group>"; };
		43DAB9C71DB46471007CCFE3 /* Base */ = {isa = PBXFileReference; lastKnownFileType = file.storyboard; name = Base; path = Base.lproj/LaunchScreen.storyboard; sourceTree = "<group>"; };
		43DAB9C91DB46471007CCFE3 /* Info.plist */ = {isa = PBXFileReference; lastKnownFileType = text.plist.xml; path = Info.plist; sourceTree = "<group>"; };
/* End PBXFileReference section */

/* Begin PBXFrameworksBuildPhase section */
		43DAB9B71DB46471007CCFE3 /* Frameworks */ = {
			isa = PBXFrameworksBuildPhase;
			buildActionMask = 2147483647;
			files = (
			);
			runOnlyForDeploymentPostprocessing = 0;
		};
/* End PBXFrameworksBuildPhase section */

/* Begin PBXGroup section */
		43DAB9B11DB46471007CCFE3 = {
			isa = PBXGroup;
			children = (
				43DAB9BC1DB46471007CCFE3 /* StretchyHeaders */,
				43DAB9BB1DB46471007CCFE3 /* Products */,
			);
			sourceTree = "<group>";
		};
		43DAB9BB1DB46471007CCFE3 /* Products */ = {
			isa = PBXGroup;
			children = (
				43DAB9BA1DB46471007CCFE3 /* StretchyHeaders.app */,
			);
			name = Products;
			sourceTree = "<group>";
		};
		43DAB9BC1DB46471007CCFE3 /* StretchyHeaders */ = {
			isa = PBXGroup;
			children = (
				43DAB9BD1DB46471007CCFE3 /* AppDelegate.swift */,
				43DAB9BF1DB46471007CCFE3 /* ViewController.swift */,
				43DAB9C11DB46471007CCFE3 /* Main.storyboard */,
				43DAB9C41DB46471007CCFE3 /* Assets.xcassets */,
				43DAB9C61DB46471007CCFE3 /* LaunchScreen.storyboard */,
				43DAB9C91DB46471007CCFE3 /* Info.plist */,
			);
			path = StretchyHeaders;
			sourceTree = "<group>";
		};
/* End PBXGroup section */

/* Begin PBXNativeTarget section */
		43DAB9B91DB46471007CCFE3 /* StretchyHeaders */ = {
			isa = PBXNativeTarget;
			buildConfigurationList = 43DAB9CC1DB46471007CCFE3 /* Build configuration list for PBXNativeTarget "StretchyHeaders" */;
			buildPhases = (
				43DAB9B61DB46471007CCFE3 /* Sources */,
				43DAB9B71DB46471007CCFE3 /* Frameworks */,
				43DAB9B81DB46471007CCFE3 /* Resources */,
			);
			buildRules = (
			);
			dependencies = (
			);
			name = StretchyHeaders;
			productName = StretchyHeaders;
			productReference = 43DAB9BA1DB46471007CCFE3 /* StretchyHeaders.app */;
			productType = "com.apple.product-type.application";
		};
/* End PBXNativeTarget section */

/* Begin PBXProject section */
		43DAB9B21DB46471007CCFE3 /* Project object */ = {
			isa = PBXProject;
			attributes = {
				LastSwiftUpdateCheck = 0800;
				LastUpgradeCheck = 0800;
				ORGANIZATIONNAME = MaSys;
				TargetAttributes = {
					43DAB9B91DB46471007CCFE3 = {
						CreatedOnToolsVersion = 8.0;
						DevelopmentTeam = B72LWYT2SZ;
						ProvisioningStyle = Automatic;
					};
				};
			};
			buildConfigurationList = 43DAB9B51DB46471007CCFE3 /* Build configuration list for PBXProject "StretchyHeaders" */;
			compatibilityVersion = "Xcode 3.2";
			developmentRegion = English;
			hasScannedForEncodings = 0;
			knownRegions = (
				en,
				Base,
			);
			mainGroup = 43DAB9B11DB46471007CCFE3;
			productRefGroup = 43DAB9BB1DB46471007CCFE3 /* Products */;
			projectDirPath = "";
			projectRoot = "";
			targets = (
				43DAB9B91DB46471007CCFE3 /* StretchyHeaders */,
			);
		};
/* End PBXProject section */

/* Begin PBXResourcesBuildPhase section */
		43DAB9B81DB46471007CCFE3 /* Resources */ = {
			isa = PBXResourcesBuildPhase;
			buildActionMask = 2147483647;
			files = (
				43DAB9C81DB46471007CCFE3 /* LaunchScreen.storyboard in Resources */,
				43DAB9C51DB46471007CCFE3 /* Assets.xcassets in Resources */,
				43DAB9C31DB46471007CCFE3 /* Main.storyboard in Resources */,
			);
			runOnlyForDeploymentPostprocessing = 0;
		};
/* End PBXResourcesBuildPhase section */

/* Begin PBXSourcesBuildPhase section */
		43DAB9B61DB46471007CCFE3 /* Sources */ = {
			isa = PBXSourcesBuildPhase;
			buildActionMask = 2147483647;
			files = (
				43DAB9C01DB46471007CCFE3 /* ViewController.swift in Sources */,
				43DAB9BE1DB46471007CCFE3 /* AppDelegate.swift in Sources */,
			);
			runOnlyForDeploymentPostprocessing = 0;
		};
/* End PBXSourcesBuildPhase section */

/* Begin PBXVariantGroup section */
		43DAB9C11DB46471007CCFE3 /* Main.storyboard */ = {
			isa = PBXVariantGroup;
			children = (
				43DAB9C21DB46471007CCFE3 /* Base */,
			);
			name = Main.storyboard;
			sourceTree = "<group>";
		};
		43DAB9C61DB46471007CCFE3 /* LaunchScreen.storyboard */ = {
			isa = PBXVariantGroup;
			children = (
				43DAB9C71DB46471007CCFE3 /* Base */,
			);
			name = LaunchScreen.storyboard;
			sourceTree = "<group>";
		};
/* End PBXVariantGroup section */

/* Begin XCBuildConfiguration section */
		43DAB9CA1DB46471007CCFE3 /* Debug */ = {
			isa = XCBuildConfiguration;
			buildSettings = {
				ALWAYS_SEARCH_USER_PATHS = NO;
				CLANG_ANALYZER_NONNULL = YES;
				CLANG_CXX_LANGUAGE_STANDARD = "gnu++0x";
				CLANG_CXX_LIBRARY = "libc++";
				CLANG_ENABLE_MODULES = YES;
				CLANG_ENABLE_OBJC_ARC = YES;
				CLANG_WARN_BOOL_CONVERSION = YES;
				CLANG_WARN_CONSTANT_CONVERSION = YES;
				CLANG_WARN_DIRECT_OBJC_ISA_USAGE = YES_ERROR;
				CLANG_WARN_DOCUMENTATION_COMMENTS = YES;
				CLANG_WARN_EMPTY_BODY = YES;
				CLANG_WARN_ENUM_CONVERSION = YES;
				CLANG_WARN_INFINITE_RECURSION = YES;
				CLANG_WARN_INT_CONVERSION = YES;
				CLANG_WARN_OBJC_ROOT_CLASS = YES_ERROR;
				CLANG_WARN_SUSPICIOUS_MOVES = YES;
				CLANG_WARN_UNREACHABLE_CODE = YES;
				CLANG_WARN__DUPLICATE_METHOD_MATCH = YES;
				"CODE_SIGN_IDENTITY[sdk=iphoneos*]" = "iPhone Developer";
				COPY_PHASE_STRIP = NO;
				DEBUG_INFORMATION_FORMAT = dwarf;
				ENABLE_STRICT_OBJC_MSGSEND = YES;
				ENABLE_TESTABILITY = YES;
				GCC_C_LANGUAGE_STANDARD = gnu99;
				GCC_DYNAMIC_NO_PIC = NO;
				GCC_NO_COMMON_BLOCKS = YES;
				GCC_OPTIMIZATION_LEVEL = 0;
				GCC_PREPROCESSOR_DEFINITIONS = (
					"DEBUG=1",
					"$(inherited)",
				);
				GCC_WARN_64_TO_32_BIT_CONVERSION = YES;
				GCC_WARN_ABOUT_RETURN_TYPE = YES_ERROR;
				GCC_WARN_UNDECLARED_SELECTOR = YES;
				GCC_WARN_UNINITIALIZED_AUTOS = YES_AGGRESSIVE;
				GCC_WARN_UNUSED_FUNCTION = YES;
				GCC_WARN_UNUSED_VARIABLE = YES;
				IPHONEOS_DEPLOYMENT_TARGET = 10.0;
				MTL_ENABLE_DEBUG_INFO = YES;
				ONLY_ACTIVE_ARCH = YES;
				SDKROOT = iphoneos;
				SWIFT_ACTIVE_COMPILATION_CONDITIONS = DEBUG;
				SWIFT_OPTIMIZATION_LEVEL = "-Onone";
				TARGETED_DEVICE_FAMILY = "1,2";
			};
			name = Debug;
		};
		43DAB9CB1DB46471007CCFE3 /* Release */ = {
			isa = XCBuildConfiguration;
			buildSettings = {
				ALWAYS_SEARCH_USER_PATHS = NO;
				CLANG_ANALYZER_NONNULL = YES;
				CLANG_CXX_LANGUAGE_STANDARD = "gnu++0x";
				CLANG_CXX_LIBRARY = "libc++";
				CLANG_ENABLE_MODULES = YES;
				CLANG_ENABLE_OBJC_ARC = YES;
				CLANG_WARN_BOOL_CONVERSION = YES;
				CLANG_WARN_CONSTANT_CONVERSION = YES;
				CLANG_WARN_DIRECT_OBJC_ISA_USAGE = YES_ERROR;
				CLANG_WARN_DOCUMENTATION_COMMENTS = YES;
				CLANG_WARN_EMPTY_BODY = YES;
				CLANG_WARN_ENUM_CONVERSION = YES;
				CLANG_WARN_INFINITE_RECURSION = YES;
				CLANG_WARN_INT_CONVERSION = YES;
				CLANG_WARN_OBJC_ROOT_CLASS = YES_ERROR;
				CLANG_WARN_SUSPICIOUS_MOVES = YES;
				CLANG_WARN_UNREACHABLE_CODE = YES;
				CLANG_WARN__DUPLICATE_METHOD_MATCH = YES;
				"CODE_SIGN_IDENTITY[sdk=iphoneos*]" = "iPhone Developer";
				COPY_PHASE_STRIP = NO;
				DEBUG_INFORMATION_FORMAT = "dwarf-with-dsym";
				ENABLE_NS_ASSERTIONS = NO;
				ENABLE_STRICT_OBJC_MSGSEND = YES;
				GCC_C_LANGUAGE_STANDARD = gnu99;
				GCC_NO_COMMON_BLOCKS = YES;
				GCC_WARN_64_TO_32_BIT_CONVERSION = YES;
				GCC_WARN_ABOUT_RETURN_TYPE = YES_ERROR;
				GCC_WARN_UNDECLARED_SELECTOR = YES;
				GCC_WARN_UNINITIALIZED_AUTOS = YES_AGGRESSIVE;
				GCC_WARN_UNUSED_FUNCTION = YES;
				GCC_WARN_UNUSED_VARIABLE = YES;
				IPHONEOS_DEPLOYMENT_TARGET = 10.0;
				MTL_ENABLE_DEBUG_INFO = NO;
				SDKROOT = iphoneos;
				SWIFT_OPTIMIZATION_LEVEL = "-Owholemodule";
				TARGETED_DEVICE_FAMILY = "1,2";
				VALIDATE_PRODUCT = YES;
			};
			name = Release;
		};
		43DAB9CD1DB46471007CCFE3 /* Debug */ = {
			isa = XCBuildConfiguration;
			buildSettings = {
				ASSETCATALOG_COMPILER_APPICON_NAME = AppIcon;
				DEVELOPMENT_TEAM = B72LWYT2SZ;
				INFOPLIST_FILE = StretchyHeaders/Info.plist;
				LD_RUNPATH_SEARCH_PATHS = "$(inherited) @executable_path/Frameworks";
				PRODUCT_BUNDLE_IDENTIFIER = co.masys.StretchyHeaders;
				PRODUCT_NAME = "$(TARGET_NAME)";
				SWIFT_VERSION = 3.0;
			};
			name = Debug;
		};
		43DAB9CE1DB46471007CCFE3 /* Release */ = {
			isa = XCBuildConfiguration;
			buildSettings = {
				ASSETCATALOG_COMPILER_APPICON_NAME = AppIcon;
				DEVELOPMENT_TEAM = B72LWYT2SZ;
				INFOPLIST_FILE = StretchyHeaders/Info.plist;
				LD_RUNPATH_SEARCH_PATHS = "$(inherited) @executable_path/Frameworks";
				PRODUCT_BUNDLE_IDENTIFIER = co.masys.StretchyHeaders;
				PRODUCT_NAME = "$(TARGET_NAME)";
				SWIFT_VERSION = 3.0;
			};
			name = Release;
		};
/* End XCBuildConfiguration section */

/* Begin XCConfigurationList section */
		43DAB9B51DB46471007CCFE3 /* Build configuration list for PBXProject "StretchyHeaders" */ = {
			isa = XCConfigurationList;
			buildConfigurations = (
				43DAB9CA1DB46471007CCFE3 /* Debug */,
				43DAB9CB1DB46471007CCFE3 /* Release */,
			);
			defaultConfigurationIsVisible = 0;
			defaultConfigurationName = Release;
		};
		43DAB9CC1DB46471007CCFE3 /* Build configuration list for PBXNativeTarget "StretchyHeaders" */ = {
			isa = XCConfigurationList;
			buildConfigurations = (
				43DAB9CD1DB46471007CCFE3 /* Debug */,
				43DAB9CE1DB46471007CCFE3 /* Release */,
			);
			defaultConfigurationIsVisible = 0;
		};
/* End XCConfigurationList section */
	};
	rootObject = 43DAB9B21DB46471007CCFE3 /* Project object */;
}
